{
    "_readme": [
        "This file locks the dependencies of your project to a known state",
        "Read more about it at http://getcomposer.org/doc/01-basic-usage.md#composer-lock-the-lock-file"
    ],
    "hash": "87aa72580aa09592a2d08a6fef62117f",
    "packages": [
        {
            "name": "slim/extras",
            "version": "2.0.3",
            "target-dir": "Slim/Extras",
            "source": {
                "type": "git",
                "url": "https://github.com/codeguy/Slim-Extras.git",
                "reference": "2.0.3"
            },
            "dist": {
                "type": "zip",
                "url": "https://api.github.com/repos/codeguy/Slim-Extras/zipball/2.0.3",
                "reference": "2.0.3",
                "shasum": ""
            },
            "require": {
                "php": ">=5.3.0",
                "slim/slim": ">=2.0.0"
            },
            "type": "library",
            "autoload": {
                "psr-0": {
                    "Twig_Extensions_": "Views/Extension/",
                    "Slim\\Extras": "."
                }
            },
            "notification-url": "https://packagist.org/downloads/",
            "license": [
                "MIT"
            ],
            "authors": [
                {
                    "name": "Andrew Smith",
                    "email": "a.smith@silentworks.co.uk",
                    "homepage": "http://thoughts.silentworks.co.uk/"
                },
                {
                    "name": "Josh Lockhart",
                    "email": "info@joshlockhart.com",
                    "homepage": "http://www.joshlockhart.com/"
                }
            ],
            "description": "Extras package for the Slim Framework",
            "homepage": "http://github.com/codeguy/Slim-Extras",
            "keywords": [
                "extensions",
                "middleware",
                "templating"
            ],
            "time": "2013-01-07 17:56:10"
        },
        {
            "name": "slim/slim",
            "version": "2.3.1",
            "source": {
                "type": "git",
                "url": "https://github.com/codeguy/Slim.git",
                "reference": "2.3.1"
            },
            "dist": {
                "type": "zip",
                "url": "https://api.github.com/repos/codeguy/Slim/zipball/2.3.1",
                "reference": "2.3.1",
                "shasum": ""
            },
            "require": {
                "ext-mcrypt": "*",
                "php": ">=5.3.0"
            },
            "type": "library",
            "autoload": {
                "psr-0": {
                    "Slim": "."
                }
            },
            "notification-url": "https://packagist.org/downloads/",
            "license": [
                "MIT"
            ],
            "authors": [
                {
                    "name": "Josh Lockhart",
                    "email": "info@joshlockhart.com",
                    "homepage": "http://www.joshlockhart.com/"
                }
            ],
            "description": "Slim Framework, a PHP micro framework",
            "homepage": "http://github.com/codeguy/Slim",
            "keywords": [
                "microframework",
                "rest",
                "router"
            ],
            "time": "2013-07-20 18:38:05"
        },
        {
            "name": "suin/php-rss-writer",
            "version": "1.2",
            "source": {
                "type": "git",
                "url": "git://github.com/suin/php-rss-writer.git",
                "reference": "1.2"
            },
            "dist": {
                "type": "zip",
                "url": "https://github.com/suin/php-rss-writer/zipball/1.2",
                "reference": "1.2",
                "shasum": ""
            },
            "require": {
                "php": ">=5.3.0"
            },
            "type": "library",
            "autoload": {
                "psr-0": {
                    "Suin\\RSSWriter": "Source"
                }
            },
            "notification-url": "https://packagist.org/downloads/",
            "license": [
                "MIT"
            ],
            "authors": [
                {
                    "name": "Hidehito Nozawa aka Suin",
                    "email": "suinyeze@gmail.com",
                    "homepage": "https://www.facebook.com/suinyeze",
                    "role": "Developer, Renaming Specialist"
                }
            ],
            "description": "Yet another simple RSS writer library for PHP 5.3 or later.",
            "homepage": "https://github.com/suin/php-rss-writer",
            "keywords": [
                "feed",
                "generator",
                "rss",
                "writer"
            ],
            "time": "2012-08-23 00:45:18"
        }
    ],
    "packages-dev": [

    ],
    "aliases": [

    ],
    "minimum-stability": "stable",
    "stability-flags": [

    ],
    "platform": {
        "php": ">=5.3.0"
    },
    "platform-dev": [

    ]
}
